
Microsoft Visual Studio Solution File, Format Version 12.00
# Visual Studio Version 16
VisualStudioVersion = 16.0.30011.22
MinimumVisualStudioVersion = 10.0.40219.1
Project("{888888A0-9F3D-457C-B088-3A5042F75D52}") = "파이썬 75번", "파이썬 75번\파이썬 75번.pyproj", "{FE92E3C7-6BE2-486D-9B7A-EAD4F362DA11}"
EndProject
Global
	GlobalSection(SolutionConfigurationPlatforms) = preSolution
		Debug|Any CPU = Debug|Any CPU
		Release|Any CPU = Release|Any CPU
	EndGlobalSection
	GlobalSection(ProjectConfigurationPlatforms) = postSolution
		{FE92E3C7-6BE2-486D-9B7A-EAD4F362DA11}.Debug|Any CPU.ActiveCfg = Debug|Any CPU
		{FE92E3C7-6BE2-486D-9B7A-EAD4F362DA11}.Release|Any CPU.ActiveCfg = Release|Any CPU
	EndGlobalSection
	GlobalSection(SolutionProperties) = preSolution
		HideSolutionNode = FALSE
	EndGlobalSection
	GlobalSection(ExtensibilityGlobals) = postSolution
		SolutionGuid = {14E5DAE8-EECA-4EA4-96A2-071032E2FDDC}
	EndGlobalSection
EndGlobal
